
Microsoft Visual Studio Solution File, Format Version 12.00
# Visual Studio 14
VisualStudioVersion = 14.0.24720.0
MinimumVisualStudioVersion = 10.0.40219.1
Project("{FAE04EC0-301F-11D3-BF4B-00C04F79EFBC}") = "Microorganisms.Core", "Microorganisms.Core\Microorganisms.Core.csproj", "{F6ED518A-F24D-4DB3-B214-D86E2BFB6F34}"
EndProject
Project("{FAE04EC0-301F-11D3-BF4B-00C04F79EFBC}") = "Microorganisms.UI", "Microorganisms.UI\Microorganisms.UI.csproj", "{281A2683-B393-4AA7-9F6C-E49D9ED18B50}"
EndProject
Global
	GlobalSection(SolutionConfigurationPlatforms) = preSolution
		Debug|Any CPU = Debug|Any CPU
		Release|Any CPU = Release|Any CPU
	EndGlobalSection
	GlobalSection(ProjectConfigurationPlatforms) = postSolution
		{F6ED518A-F24D-4DB3-B214-D86E2BFB6F34}.Debug|Any CPU.ActiveCfg = Debug|Any CPU
		{F6ED518A-F24D-4DB3-B214-D86E2BFB6F34}.Debug|Any CPU.Build.0 = Debug|Any CPU
		{F6ED518A-F24D-4DB3-B214-D86E2BFB6F34}.Release|Any CPU.ActiveCfg = Release|Any CPU
		{F6ED518A-F24D-4DB3-B214-D86E2BFB6F34}.Release|Any CPU.Build.0 = Release|Any CPU
		{281A2683-B393-4AA7-9F6C-E49D9ED18B50}.Debug|Any CPU.ActiveCfg = Debug|Any CPU
		{281A2683-B393-4AA7-9F6C-E49D9ED18B50}.Debug|Any CPU.Build.0 = Debug|Any CPU
		{281A2683-B393-4AA7-9F6C-E49D9ED18B50}.Release|Any CPU.ActiveCfg = Release|Any CPU
		{281A2683-B393-4AA7-9F6C-E49D9ED18B50}.Release|Any CPU.Build.0 = Release|Any CPU
	EndGlobalSection
	GlobalSection(SolutionProperties) = preSolution
		HideSolutionNode = FALSE
	EndGlobalSection
EndGlobal
